
Microsoft Visual Studio Solution File, Format Version 12.00
# Visual Studio Version 17
VisualStudioVersion = 17.14.36221.1 d17.14
MinimumVisualStudioVersion = 10.0.40219.1
Project("{FAE04EC0-301F-11D3-BF4B-00C04F79EFBC}") = "server", "server\server.csproj", "{206B6376-D6A1-4B7B-ABE9-B43E7F14E540}"
EndProject
Global
	GlobalSection(SolutionConfigurationPlatforms) = preSolution
		Debug|Any CPU = Debug|Any CPU
		Release|Any CPU = Release|Any CPU
	EndGlobalSection
	GlobalSection(ProjectConfigurationPlatforms) = postSolution
		{206B6376-D6A1-4B7B-ABE9-B43E7F14E540}.Debug|Any CPU.ActiveCfg = Debug|Any CPU
		{206B6376-D6A1-4B7B-ABE9-B43E7F14E540}.Debug|Any CPU.Build.0 = Debug|Any CPU
		{206B6376-D6A1-4B7B-ABE9-B43E7F14E540}.Release|Any CPU.ActiveCfg = Release|Any CPU
		{206B6376-D6A1-4B7B-ABE9-B43E7F14E540}.Release|Any CPU.Build.0 = Release|Any CPU
	EndGlobalSection
	GlobalSection(SolutionProperties) = preSolution
		HideSolutionNode = FALSE
	EndGlobalSection
	GlobalSection(ExtensibilityGlobals) = postSolution
		SolutionGuid = {09BBD295-DDD1-4F1A-B7D3-7D56D7EDE5DB}
	EndGlobalSection
EndGlobal
